
Microsoft Visual Studio Solution File, Format Version 12.00
# Visual Studio Version 17
VisualStudioVersion = 17.6.33815.320
MinimumVisualStudioVersion = 10.0.40219.1
Project("{9A19103F-16F7-4668-BE54-9A1E7A4F7556}") = "MVCCoreEcommerce.WebUI", "MVCCoreEcommerce.WebUI\MVCCoreEcommerce.WebUI.csproj", "{56BE7E14-3744-41D5-9D39-D3F41342EC7B}"
EndProject
Project("{9A19103F-16F7-4668-BE54-9A1E7A4F7556}") = "MVCCoreEcommerce.BusinessLayer", "MVCCoreEcommerce.BusinessLayer\MVCCoreEcommerce.BusinessLayer.csproj", "{49AA18CD-83CC-41D1-AF47-EB7C805B5DA8}"
EndProject
Project("{9A19103F-16F7-4668-BE54-9A1E7A4F7556}") = "MVCCoreEcommerce.DataAccessLayer", "MVCCoreEcommerce.DataAccessLayer\MVCCoreEcommerce.DataAccessLayer.csproj", "{835FC656-7B72-4140-995B-680DDC9B1324}"
EndProject
Project("{9A19103F-16F7-4668-BE54-9A1E7A4F7556}") = "MVCCoreEcommerce.EntityLayer", "MVCCoreEcommerce.EntityLayer\MVCCoreEcommerce.EntityLayer.csproj", "{5E78987D-DACA-4148-BE69-F13ACE649189}"
EndProject
Project("{9A19103F-16F7-4668-BE54-9A1E7A4F7556}") = "MVCCoreEcommerce.DtoLayer", "MVCCoreEcommerce.DtoLayer\MVCCoreEcommerce.DtoLayer.csproj", "{3601553C-E496-41BE-A4D5-6A89329E1629}"
EndProject
Project("{FAE04EC0-301F-11D3-BF4B-00C04F79EFBC}") = "MVCCoreEcommerce.WebApi", "MVCCoreEcommerce.WebApi\MVCCoreEcommerce.WebApi.csproj", "{DB773F16-654C-4950-BCF7-3F1E7EA79A51}"
EndProject
Global
	GlobalSection(SolutionConfigurationPlatforms) = preSolution
		Debug|Any CPU = Debug|Any CPU
		Release|Any CPU = Release|Any CPU
	EndGlobalSection
	GlobalSection(ProjectConfigurationPlatforms) = postSolution
		{56BE7E14-3744-41D5-9D39-D3F41342EC7B}.Debug|Any CPU.ActiveCfg = Debug|Any CPU
		{56BE7E14-3744-41D5-9D39-D3F41342EC7B}.Debug|Any CPU.Build.0 = Debug|Any CPU
		{56BE7E14-3744-41D5-9D39-D3F41342EC7B}.Release|Any CPU.ActiveCfg = Release|Any CPU
		{56BE7E14-3744-41D5-9D39-D3F41342EC7B}.Release|Any CPU.Build.0 = Release|Any CPU
		{49AA18CD-83CC-41D1-AF47-EB7C805B5DA8}.Debug|Any CPU.ActiveCfg = Debug|Any CPU
		{49AA18CD-83CC-41D1-AF47-EB7C805B5DA8}.Debug|Any CPU.Build.0 = Debug|Any CPU
		{49AA18CD-83CC-41D1-AF47-EB7C805B5DA8}.Release|Any CPU.ActiveCfg = Release|Any CPU
		{49AA18CD-83CC-41D1-AF47-EB7C805B5DA8}.Release|Any CPU.Build.0 = Release|Any CPU
		{835FC656-7B72-4140-995B-680DDC9B1324}.Debug|Any CPU.ActiveCfg = Debug|Any CPU
		{835FC656-7B72-4140-995B-680DDC9B1324}.Debug|Any CPU.Build.0 = Debug|Any CPU
		{835FC656-7B72-4140-995B-680DDC9B1324}.Release|Any CPU.ActiveCfg = Release|Any CPU
		{835FC656-7B72-4140-995B-680DDC9B1324}.Release|Any CPU.Build.0 = Release|Any CPU
		{5E78987D-DACA-4148-BE69-F13ACE649189}.Debug|Any CPU.ActiveCfg = Debug|Any CPU
		{5E78987D-DACA-4148-BE69-F13ACE649189}.Debug|Any CPU.Build.0 = Debug|Any CPU
		{5E78987D-DACA-4148-BE69-F13ACE649189}.Release|Any CPU.ActiveCfg = Release|Any CPU
		{5E78987D-DACA-4148-BE69-F13ACE649189}.Release|Any CPU.Build.0 = Release|Any CPU
		{3601553C-E496-41BE-A4D5-6A89329E1629}.Debug|Any CPU.ActiveCfg = Debug|Any CPU
		{3601553C-E496-41BE-A4D5-6A89329E1629}.Debug|Any CPU.Build.0 = Debug|Any CPU
		{3601553C-E496-41BE-A4D5-6A89329E1629}.Release|Any CPU.ActiveCfg = Release|Any CPU
		{3601553C-E496-41BE-A4D5-6A89329E1629}.Release|Any CPU.Build.0 = Release|Any CPU
		{DB773F16-654C-4950-BCF7-3F1E7EA79A51}.Debug|Any CPU.ActiveCfg = Debug|Any CPU
		{DB773F16-654C-4950-BCF7-3F1E7EA79A51}.Debug|Any CPU.Build.0 = Debug|Any CPU
		{DB773F16-654C-4950-BCF7-3F1E7EA79A51}.Release|Any CPU.ActiveCfg = Release|Any CPU
		{DB773F16-654C-4950-BCF7-3F1E7EA79A51}.Release|Any CPU.Build.0 = Release|Any CPU
	EndGlobalSection
	GlobalSection(SolutionProperties) = preSolution
		HideSolutionNode = FALSE
	EndGlobalSection
	GlobalSection(ExtensibilityGlobals) = postSolution
		SolutionGuid = {45C196E7-A85B-4BC8-911E-71015F08F8E9}
	EndGlobalSection
EndGlobal
